// !$*UTF8*$!
{
	archiveVersion = 1;
	classes = {
	};
	objectVersion = 48;
	objects = {

/* Begin PBXBuildFile section */
		02B7F9FF1F8ED0FD00AEE17C /* AppDelegate.swift in Sources */ = {isa = PBXBuildFile; fileRef = 02B7F9FE1F8ED0FD00AEE17C /* AppDelegate.swift */; };
		02B7FA011F8ED0FD00AEE17C /* ViewController.swift in Sources */ = {isa = PBXBuildFile; fileRef = 02B7FA001F8ED0FD00AEE17C /* ViewController.swift */; };
		02B7FA041F8ED0FD00AEE17C /* Main.storyboard in Resources */ = {isa = PBXBuildFile; fileRef = 02B7FA021F8ED0FD00AEE17C /* Main.storyboard */; };
		02B7FA071F8ED0FD00AEE17C /* NotificacoesApp.xcdatamodeld in Sources */ = {isa = PBXBuildFile; fileRef = 02B7FA051F8ED0FD00AEE17C /* NotificacoesApp.xcdatamodeld */; };
		02B7FA091F8ED0FD00AEE17C /* Assets.xcassets in Resources */ = {isa = PBXBuildFile; fileRef = 02B7FA081F8ED0FD00AEE17C /* Assets.xcassets */; };
		02B7FA0C1F8ED0FD00AEE17C /* LaunchScreen.storyboard in Resources */ = {isa = PBXBuildFile; fileRef = 02B7FA0A1F8ED0FD00AEE17C /* LaunchScreen.storyboard */; };
/* End PBXBuildFile section */

/* Begin PBXFileReference section */
		02B7F9FB1F8ED0FC00AEE17C /* NotificacoesApp.app */ = {isa = PBXFileReference; explicitFileType = wrapper.application; includeInIndex = 0; path = NotificacoesApp.app; sourceTree = BUILT_PRODUCTS_DIR; };
		02B7F9FE1F8ED0FD00AEE17C /* AppDelegate.swift */ = {isa = PBXFileReference; lastKnownFileType = sourcecode.swift; path = AppDelegate.swift; sourceTree = "<group>"; };
		02B7FA001F8ED0FD00AEE17C /* ViewController.swift */ = {isa = PBXFileReference; lastKnownFileType = sourcecode.swift; path = ViewController.swift; sourceTree = "<group>"; };
		02B7FA031F8ED0FD00AEE17C /* Base */ = {isa = PBXFileReference; lastKnownFileType = file.storyboard; name = Base; path = Base.lproj/Main.storyboard; sourceTree = "<group>"; };
		02B7FA061F8ED0FD00AEE17C /* NotificacoesApp.xcdatamodel */ = {isa = PBXFileReference; lastKnownFileType = wrapper.xcdatamodel; path = NotificacoesApp.xcdatamodel; sourceTree = "<group>"; };
		02B7FA081F8ED0FD00AEE17C /* Assets.xcassets */ = {isa = PBXFileReference; lastKnownFileType = folder.assetcatalog; path = Assets.xcassets; sourceTree = "<group>"; };
		02B7FA0B1F8ED0FD00AEE17C /* Base */ = {isa = PBXFileReference; lastKnownFileType = file.storyboard; name = Base; path = Base.lproj/LaunchScreen.storyboard; sourceTree = "<group>"; };
		02B7FA0D1F8ED0FD00AEE17C /* Info.plist */ = {isa = PBXFileReference; lastKnownFileType = text.plist.xml; path = Info.plist; sourceTree = "<group>"; };
/* End PBXFileReference section */

/* Begin PBXFrameworksBuildPhase section */
		02B7F9F81F8ED0FC00AEE17C /* Frameworks */ = {
			isa = PBXFrameworksBuildPhase;
			buildActionMask = 2147483647;
			files = (
			);
			runOnlyForDeploymentPostprocessing = 0;
		};
/* End PBXFrameworksBuildPhase section */

/* Begin PBXGroup section */
		02B7F9F21F8ED0FC00AEE17C = {
			isa = PBXGroup;
			children = (
				02B7F9FD1F8ED0FC00AEE17C /* NotificacoesApp */,
				02B7F9FC1F8ED0FC00AEE17C /* Products */,
			);
			sourceTree = "<group>";
		};
		02B7F9FC1F8ED0FC00AEE17C /* Products */ = {
			isa = PBXGroup;
			children = (
				02B7F9FB1F8ED0FC00AEE17C /* NotificacoesApp.app */,
			);
			name = Products;
			sourceTree = "<group>";
		};
		02B7F9FD1F8ED0FC00AEE17C /* NotificacoesApp */ = {
			isa = PBXGroup;
			children = (
				02B7F9FE1F8ED0FD00AEE17C /* AppDelegate.swift */,
				02B7FA001F8ED0FD00AEE17C /* ViewController.swift */,
				02B7FA021F8ED0FD00AEE17C /* Main.storyboard */,
				02B7FA081F8ED0FD00AEE17C /* Assets.xcassets */,
				02B7FA0A1F8ED0FD00AEE17C /* LaunchScreen.storyboard */,
				02B7FA0D1F8ED0FD00AEE17C /* Info.plist */,
				02B7FA051F8ED0FD00AEE17C /* NotificacoesApp.xcdatamodeld */,
			);
			path = NotificacoesApp;
			sourceTree = "<group>";
		};
/* End PBXGroup section */

/* Begin PBXNativeTarget section */
		02B7F9FA1F8ED0FC00AEE17C /* NotificacoesApp */ = {
			isa = PBXNativeTarget;
			buildConfigurationList = 02B7FA101F8ED0FD00AEE17C /* Build configuration list for PBXNativeTarget "NotificacoesApp" */;
			buildPhases = (
				02B7F9F71F8ED0FC00AEE17C /* Sources */,
				02B7F9F81F8ED0FC00AEE17C /* Frameworks */,
				02B7F9F91F8ED0FC00AEE17C /* Resources */,
			);
			buildRules = (
			);
			dependencies = (
			);
			name = NotificacoesApp;
			productName = NotificacoesApp;
			productReference = 02B7F9FB1F8ED0FC00AEE17C /* NotificacoesApp.app */;
			productType = "com.apple.product-type.application";
		};
/* End PBXNativeTarget section */

/* Begin PBXProject section */
		02B7F9F31F8ED0FC00AEE17C /* Project object */ = {
			isa = PBXProject;
			attributes = {
				LastSwiftUpdateCheck = 0900;
				LastUpgradeCheck = 0900;
				ORGANIZATIONNAME = "Valter Abranches";
				TargetAttributes = {
					02B7F9FA1F8ED0FC00AEE17C = {
						CreatedOnToolsVersion = 9.0;
						ProvisioningStyle = Automatic;
					};
				};
			};
			buildConfigurationList = 02B7F9F61F8ED0FC00AEE17C /* Build configuration list for PBXProject "NotificacoesApp" */;
			compatibilityVersion = "Xcode 8.0";
			developmentRegion = en;
			hasScannedForEncodings = 0;
			knownRegions = (
				en,
				Base,
			);
			mainGroup = 02B7F9F21F8ED0FC00AEE17C;
			productRefGroup = 02B7F9FC1F8ED0FC00AEE17C /* Products */;
			projectDirPath = "";
			projectRoot = "";
			targets = (
				02B7F9FA1F8ED0FC00AEE17C /* NotificacoesApp */,
			);
		};
/* End PBXProject section */

/* Begin PBXResourcesBuildPhase section */
		02B7F9F91F8ED0FC00AEE17C /* Resources */ = {
			isa = PBXResourcesBuildPhase;
			buildActionMask = 2147483647;
			files = (
				02B7FA0C1F8ED0FD00AEE17C /* LaunchScreen.storyboard in Resources */,
				02B7FA091F8ED0FD00AEE17C /* Assets.xcassets in Resources */,
				02B7FA041F8ED0FD00AEE17C /* Main.storyboard in Resources */,
			);
			runOnlyForDeploymentPostprocessing = 0;
		};
/* End PBXResourcesBuildPhase section */

/* Begin PBXSourcesBuildPhase section */
		02B7F9F71F8ED0FC00AEE17C /* Sources */ = {
			isa = PBXSourcesBuildPhase;
			buildActionMask = 2147483647;
			files = (
				02B7FA011F8ED0FD00AEE17C /* ViewController.swift in Sources */,
				02B7F9FF1F8ED0FD00AEE17C /* AppDelegate.swift in Sources */,
				02B7FA071F8ED0FD00AEE17C /* NotificacoesApp.xcdatamodeld in Sources */,
			);
			runOnlyForDeploymentPostprocessing = 0;
		};
/* End PBXSourcesBuildPhase section */

/* Begin PBXVariantGroup section */
		02B7FA021F8ED0FD00AEE17C /* Main.storyboard */ = {
			isa = PBXVariantGroup;
			children = (
				02B7FA031F8ED0FD00AEE17C /* Base */,
			);
			name = Main.storyboard;
			sourceTree = "<group>";
		};
		02B7FA0A1F8ED0FD00AEE17C /* LaunchScreen.storyboard */ = {
			isa = PBXVariantGroup;
			children = (
				02B7FA0B1F8ED0FD00AEE17C /* Base */,
			);
			name = LaunchScreen.storyboard;
			sourceTree = "<group>";
		};
/* End PBXVariantGroup section */

/* Begin XCBuildConfiguration section */
		02B7FA0E1F8ED0FD00AEE17C /* Debug */ = {
			isa = XCBuildConfiguration;
			buildSettings = {
				ALWAYS_SEARCH_USER_PATHS = NO;
				CLANG_ANALYZER_NONNULL = YES;
				CLANG_ANALYZER_NUMBER_OBJECT_CONVERSION = YES_AGGRESSIVE;
				CLANG_CXX_LANGUAGE_STANDARD = "gnu++14";
				CLANG_CXX_LIBRARY = "libc++";
				CLANG_ENABLE_MODULES = YES;
				CLANG_ENABLE_OBJC_ARC = YES;
				CLANG_WARN_BLOCK_CAPTURE_AUTORELEASING = YES;
				CLANG_WARN_BOOL_CONVERSION = YES;
				CLANG_WARN_COMMA = YES;
				CLANG_WARN_CONSTANT_CONVERSION = YES;
				CLANG_WARN_DIRECT_OBJC_ISA_USAGE = YES_ERROR;
				CLANG_WARN_DOCUMENTATION_COMMENTS = YES;
				CLANG_WARN_EMPTY_BODY = YES;
				CLANG_WARN_ENUM_CONVERSION = YES;
				CLANG_WARN_INFINITE_RECURSION = YES;
				CLANG_WARN_INT_CONVERSION = YES;
				CLANG_WARN_NON_LITERAL_NULL_CONVERSION = YES;
				CLANG_WARN_OBJC_LITERAL_CONVERSION = YES;
				CLANG_WARN_OBJC_ROOT_CLASS = YES_ERROR;
				CLANG_WARN_RANGE_LOOP_ANALYSIS = YES;
				CLANG_WARN_STRICT_PROTOTYPES = YES;
				CLANG_WARN_SUSPICIOUS_MOVE = YES;
				CLANG_WARN_UNGUARDED_AVAILABILITY = YES_AGGRESSIVE;
				CLANG_WARN_UNREACHABLE_CODE = YES;
				CLANG_WARN__DUPLICATE_METHOD_MATCH = YES;
				CODE_SIGN_IDENTITY = "iPhone Developer";
				COPY_PHASE_STRIP = NO;
				DEBUG_INFORMATION_FORMAT = dwarf;
				ENABLE_STRICT_OBJC_MSGSEND = YES;
				ENABLE_TESTABILITY = YES;
				GCC_C_LANGUAGE_STANDARD = gnu11;
				GCC_DYNAMIC_NO_PIC = NO;
				GCC_NO_COMMON_BLOCKS = YES;
				GCC_OPTIMIZATION_LEVEL = 0;
				GCC_PREPROCESSOR_DEFINITIONS = (
					"DEBUG=1",
					"$(inherited)",
				);
				GCC_WARN_64_TO_32_BIT_CONVERSION = YES;
				GCC_WARN_ABOUT_RETURN_TYPE = YES_ERROR;
				GCC_WARN_UNDECLARED_SELECTOR = YES;
				GCC_WARN_UNINITIALIZED_AUTOS = YES_AGGRESSIVE;
				GCC_WARN_UNUSED_FUNCTION = YES;
				GCC_WARN_UNUSED_VARIABLE = YES;
				IPHONEOS_DEPLOYMENT_TARGET = 11.0;
				MTL_ENABLE_DEBUG_INFO = YES;
				ONLY_ACTIVE_ARCH = YES;
				SDKROOT = iphoneos;
				SWIFT_ACTIVE_COMPILATION_CONDITIONS = DEBUG;
				SWIFT_OPTIMIZATION_LEVEL = "-Onone";
			};
			name = Debug;
		};
		02B7FA0F1F8ED0FD00AEE17C /* Release */ = {
			isa = XCBuildConfiguration;
			buildSettings = {
				ALWAYS_SEARCH_USER_PATHS = NO;
				CLANG_ANALYZER_NONNULL = YES;
				CLANG_ANALYZER_NUMBER_OBJECT_CONVERSION = YES_AGGRESSIVE;
				CLANG_CXX_LANGUAGE_STANDARD = "gnu++14";
				CLANG_CXX_LIBRARY = "libc++";
				CLANG_ENABLE_MODULES = YES;
				CLANG_ENABLE_OBJC_ARC = YES;
				CLANG_WARN_BLOCK_CAPTURE_AUTORELEASING = YES;
				CLANG_WARN_BOOL_CONVERSION = YES;
				CLANG_WARN_COMMA = YES;
				CLANG_WARN_CONSTANT_CONVERSION = YES;
				CLANG_WARN_DIRECT_OBJC_ISA_USAGE = YES_ERROR;
				CLANG_WARN_DOCUMENTATION_COMMENTS = YES;
				CLANG_WARN_EMPTY_BODY = YES;
				CLANG_WARN_ENUM_CONVERSION = YES;
				CLANG_WARN_INFINITE_RECURSION = YES;
				CLANG_WARN_INT_CONVERSION = YES;
				CLANG_WARN_NON_LITERAL_NULL_CONVERSION = YES;
				CLANG_WARN_OBJC_LITERAL_CONVERSION = YES;
				CLANG_WARN_OBJC_ROOT_CLASS = YES_ERROR;
				CLANG_WARN_RANGE_LOOP_ANALYSIS = YES;
				CLANG_WARN_STRICT_PROTOTYPES = YES;
				CLANG_WARN_SUSPICIOUS_MOVE = YES;
				CLANG_WARN_UNGUARDED_AVAILABILITY = YES_AGGRESSIVE;
				CLANG_WARN_UNREACHABLE_CODE = YES;
				CLANG_WARN__DUPLICATE_METHOD_MATCH = YES;
				CODE_SIGN_IDENTITY = "iPhone Developer";
				COPY_PHASE_STRIP = NO;
				DEBUG_INFORMATION_FORMAT = "dwarf-with-dsym";
				ENABLE_NS_ASSERTIONS = NO;
				ENABLE_STRICT_OBJC_MSGSEND = YES;
				GCC_C_LANGUAGE_STANDARD = gnu11;
				GCC_NO_COMMON_BLOCKS = YES;
				GCC_WARN_64_TO_32_BIT_CONVERSION = YES;
				GCC_WARN_ABOUT_RETURN_TYPE = YES_ERROR;
				GCC_WARN_UNDECLARED_SELECTOR = YES;
				GCC_WARN_UNINITIALIZED_AUTOS = YES_AGGRESSIVE;
				GCC_WARN_UNUSED_FUNCTION = YES;
				GCC_WARN_UNUSED_VARIABLE = YES;
				IPHONEOS_DEPLOYMENT_TARGET = 11.0;
				MTL_ENABLE_DEBUG_INFO = NO;
				SDKROOT = iphoneos;
				SWIFT_OPTIMIZATION_LEVEL = "-Owholemodule";
				VALIDATE_PRODUCT = YES;
			};
			name = Release;
		};
		02B7FA111F8ED0FD00AEE17C /* Debug */ = {
			isa = XCBuildConfiguration;
			buildSettings = {
				ASSETCATALOG_COMPILER_APPICON_NAME = AppIcon;
				CODE_SIGN_STYLE = Automatic;
				DEVELOPMENT_TEAM = 3XU35YZPYQ;
				INFOPLIST_FILE = NotificacoesApp/Info.plist;
				LD_RUNPATH_SEARCH_PATHS = "$(inherited) @executable_path/Frameworks";
				PRODUCT_BUNDLE_IDENTIFIER = br.com.fiap.NotificacoesApp;
				PRODUCT_NAME = "$(TARGET_NAME)";
				SWIFT_VERSION = 4.0;
				TARGETED_DEVICE_FAMILY = "1,2";
			};
			name = Debug;
		};
		02B7FA121F8ED0FD00AEE17C /* Release */ = {
			isa = XCBuildConfiguration;
			buildSettings = {
				ASSETCATALOG_COMPILER_APPICON_NAME = AppIcon;
				CODE_SIGN_STYLE = Automatic;
				DEVELOPMENT_TEAM = 3XU35YZPYQ;
				INFOPLIST_FILE = NotificacoesApp/Info.plist;
				LD_RUNPATH_SEARCH_PATHS = "$(inherited) @executable_path/Frameworks";
				PRODUCT_BUNDLE_IDENTIFIER = br.com.fiap.NotificacoesApp;
				PRODUCT_NAME = "$(TARGET_NAME)";
				SWIFT_VERSION = 4.0;
				TARGETED_DEVICE_FAMILY = "1,2";
			};
			name = Release;
		};
/* End XCBuildConfiguration section */

/* Begin XCConfigurationList section */
		02B7F9F61F8ED0FC00AEE17C /* Build configuration list for PBXProject "NotificacoesApp" */ = {
			isa = XCConfigurationList;
			buildConfigurations = (
				02B7FA0E1F8ED0FD00AEE17C /* Debug */,
				02B7FA0F1F8ED0FD00AEE17C /* Release */,
			);
			defaultConfigurationIsVisible = 0;
			defaultConfigurationName = Release;
		};
		02B7FA101F8ED0FD00AEE17C /* Build configuration list for PBXNativeTarget "NotificacoesApp" */ = {
			isa = XCConfigurationList;
			buildConfigurations = (
				02B7FA111F8ED0FD00AEE17C /* Debug */,
				02B7FA121F8ED0FD00AEE17C /* Release */,
			);
			defaultConfigurationIsVisible = 0;
			defaultConfigurationName = Release;
		};
/* End XCConfigurationList section */

/* Begin XCVersionGroup section */
		02B7FA051F8ED0FD00AEE17C /* NotificacoesApp.xcdatamodeld */ = {
			isa = XCVersionGroup;
			children = (
				02B7FA061F8ED0FD00AEE17C /* NotificacoesApp.xcdatamodel */,
			);
			currentVersion = 02B7FA061F8ED0FD00AEE17C /* NotificacoesApp.xcdatamodel */;
			path = NotificacoesApp.xcdatamodeld;
			sourceTree = "<group>";
			versionGroupType = wrapper.xcdatamodel;
		};
/* End XCVersionGroup section */
	};
	rootObject = 02B7F9F31F8ED0FC00AEE17C /* Project object */;
}
